// !$*UTF8*$!
{
	archiveVersion = 1;
	classes = {
	};
	objectVersion = 55;
	objects = {

/* Begin PBXBuildFile section */
		780852C02855709100A08EC6 /* GenerationJSONModel.swift in Sources */ = {isa = PBXBuildFile; fileRef = 780852BF2855709100A08EC6 /* GenerationJSONModel.swift */; };
		780852C22855710500A08EC6 /* FetchPokemonListByGeneration.swift in Sources */ = {isa = PBXBuildFile; fileRef = 780852C12855710500A08EC6 /* FetchPokemonListByGeneration.swift */; };
		782D076D2857CF17007C57E8 /* JSONDownloadErrors.swift in Sources */ = {isa = PBXBuildFile; fileRef = 782D076C2857CF17007C57E8 /* JSONDownloadErrors.swift */; };
		782D076F2857CF81007C57E8 /* DownloadJSON.swift in Sources */ = {isa = PBXBuildFile; fileRef = 782D076E2857CF81007C57E8 /* DownloadJSON.swift */; };
		782D077128582D0A007C57E8 /* FetchPokemonRepository.swift in Sources */ = {isa = PBXBuildFile; fileRef = 782D077028582D0A007C57E8 /* FetchPokemonRepository.swift */; };
		782D077428583C34007C57E8 /* PokemonCard.swift in Sources */ = {isa = PBXBuildFile; fileRef = 782D077328583C34007C57E8 /* PokemonCard.swift */; };
		7831591E2856886200566EE9 /* PokemonSpecieModel.swift in Sources */ = {isa = PBXBuildFile; fileRef = 7831591D2856886200566EE9 /* PokemonSpecieModel.swift */; };
		783159222856A3CA00566EE9 /* PokemonRepositoryModel.swift in Sources */ = {isa = PBXBuildFile; fileRef = 783159212856A3CA00566EE9 /* PokemonRepositoryModel.swift */; };
		783159242856A3F100566EE9 /* PokemonModel.swift in Sources */ = {isa = PBXBuildFile; fileRef = 783159232856A3F100566EE9 /* PokemonModel.swift */; };
		783159262856A4A300566EE9 /* PokemonRepositoyJSONModel.swift in Sources */ = {isa = PBXBuildFile; fileRef = 783159252856A4A300566EE9 /* PokemonRepositoyJSONModel.swift */; };
		783159292856A5D000566EE9 /* FetchPokemonData.swift in Sources */ = {isa = PBXBuildFile; fileRef = 783159282856A5D000566EE9 /* FetchPokemonData.swift */; };
		78AE05E8283FBA2400656A9E /* Tests_iOS.swift in Sources */ = {isa = PBXBuildFile; fileRef = 78AE05E7283FBA2400656A9E /* Tests_iOS.swift */; };
		78AE05EA283FBA2400656A9E /* Tests_iOSLaunchTests.swift in Sources */ = {isa = PBXBuildFile; fileRef = 78AE05E9283FBA2400656A9E /* Tests_iOSLaunchTests.swift */; };
		78AE05F4283FBA2400656A9E /* Tests_macOS.swift in Sources */ = {isa = PBXBuildFile; fileRef = 78AE05F3283FBA2400656A9E /* Tests_macOS.swift */; };
		78AE05F6283FBA2400656A9E /* Tests_macOSLaunchTests.swift in Sources */ = {isa = PBXBuildFile; fileRef = 78AE05F5283FBA2400656A9E /* Tests_macOSLaunchTests.swift */; };
		78AE05F7283FBA2400656A9E /* pokedexApp.swift in Sources */ = {isa = PBXBuildFile; fileRef = 78AE05CF283FBA2100656A9E /* pokedexApp.swift */; };
		78AE05F8283FBA2400656A9E /* pokedexApp.swift in Sources */ = {isa = PBXBuildFile; fileRef = 78AE05CF283FBA2100656A9E /* pokedexApp.swift */; };
		78AE05F9283FBA2400656A9E /* ContentView.swift in Sources */ = {isa = PBXBuildFile; fileRef = 78AE05D0283FBA2100656A9E /* ContentView.swift */; };
		78AE05FA283FBA2400656A9E /* ContentView.swift in Sources */ = {isa = PBXBuildFile; fileRef = 78AE05D0283FBA2100656A9E /* ContentView.swift */; };
		78AE05FB283FBA2400656A9E /* Assets.xcassets in Resources */ = {isa = PBXBuildFile; fileRef = 78AE05D1283FBA2400656A9E /* Assets.xcassets */; };
		78AE05FC283FBA2400656A9E /* Assets.xcassets in Resources */ = {isa = PBXBuildFile; fileRef = 78AE05D1283FBA2400656A9E /* Assets.xcassets */; };
		78AE0611283FCE2800656A9E /* SplashScreen.swift in Sources */ = {isa = PBXBuildFile; fileRef = 78AE0610283FCE2800656A9E /* SplashScreen.swift */; };
/* End PBXBuildFile section */

/* Begin PBXContainerItemProxy section */
		78AE05E4283FBA2400656A9E /* PBXContainerItemProxy */ = {
			isa = PBXContainerItemProxy;
			containerPortal = 78AE05CA283FBA2100656A9E /* Project object */;
			proxyType = 1;
			remoteGlobalIDString = 78AE05D5283FBA2400656A9E;
			remoteInfo = "pokedex (iOS)";
		};
		78AE05F0283FBA2400656A9E /* PBXContainerItemProxy */ = {
			isa = PBXContainerItemProxy;
			containerPortal = 78AE05CA283FBA2100656A9E /* Project object */;
			proxyType = 1;
			remoteGlobalIDString = 78AE05DB283FBA2400656A9E;
			remoteInfo = "pokedex (macOS)";
		};
/* End PBXContainerItemProxy section */

/* Begin PBXFileReference section */
		780852BF2855709100A08EC6 /* GenerationJSONModel.swift */ = {isa = PBXFileReference; lastKnownFileType = sourcecode.swift; path = GenerationJSONModel.swift; sourceTree = "<group>"; };
		780852C12855710500A08EC6 /* FetchPokemonListByGeneration.swift */ = {isa = PBXFileReference; lastKnownFileType = sourcecode.swift; path = FetchPokemonListByGeneration.swift; sourceTree = "<group>"; };
		782D076C2857CF17007C57E8 /* JSONDownloadErrors.swift */ = {isa = PBXFileReference; lastKnownFileType = sourcecode.swift; path = JSONDownloadErrors.swift; sourceTree = "<group>"; };
		782D076E2857CF81007C57E8 /* DownloadJSON.swift */ = {isa = PBXFileReference; lastKnownFileType = sourcecode.swift; path = DownloadJSON.swift; sourceTree = "<group>"; };
		782D077028582D0A007C57E8 /* FetchPokemonRepository.swift */ = {isa = PBXFileReference; lastKnownFileType = sourcecode.swift; path = FetchPokemonRepository.swift; sourceTree = "<group>"; };
		782D077328583C34007C57E8 /* PokemonCard.swift */ = {isa = PBXFileReference; lastKnownFileType = sourcecode.swift; path = PokemonCard.swift; sourceTree = "<group>"; };
		7831591D2856886200566EE9 /* PokemonSpecieModel.swift */ = {isa = PBXFileReference; lastKnownFileType = sourcecode.swift; path = PokemonSpecieModel.swift; sourceTree = "<group>"; };
		783159212856A3CA00566EE9 /* PokemonRepositoryModel.swift */ = {isa = PBXFileReference; lastKnownFileType = sourcecode.swift; path = PokemonRepositoryModel.swift; sourceTree = "<group>"; };
		783159232856A3F100566EE9 /* PokemonModel.swift */ = {isa = PBXFileReference; lastKnownFileType = sourcecode.swift; path = PokemonModel.swift; sourceTree = "<group>"; };
		783159252856A4A300566EE9 /* PokemonRepositoyJSONModel.swift */ = {isa = PBXFileReference; lastKnownFileType = sourcecode.swift; path = PokemonRepositoyJSONModel.swift; sourceTree = "<group>"; };
		783159282856A5D000566EE9 /* FetchPokemonData.swift */ = {isa = PBXFileReference; lastKnownFileType = sourcecode.swift; path = FetchPokemonData.swift; sourceTree = "<group>"; };
		78AE05CF283FBA2100656A9E /* pokedexApp.swift */ = {isa = PBXFileReference; lastKnownFileType = sourcecode.swift; path = pokedexApp.swift; sourceTree = "<group>"; };
		78AE05D0283FBA2100656A9E /* ContentView.swift */ = {isa = PBXFileReference; lastKnownFileType = sourcecode.swift; path = ContentView.swift; sourceTree = "<group>"; };
		78AE05D1283FBA2400656A9E /* Assets.xcassets */ = {isa = PBXFileReference; lastKnownFileType = folder.assetcatalog; path = Assets.xcassets; sourceTree = "<group>"; };
		78AE05D6283FBA2400656A9E /* PokedexMVVM.app */ = {isa = PBXFileReference; explicitFileType = wrapper.application; includeInIndex = 0; path = PokedexMVVM.app; sourceTree = BUILT_PRODUCTS_DIR; };
		78AE05DC283FBA2400656A9E /* PokedexMVVM.app */ = {isa = PBXFileReference; explicitFileType = wrapper.application; includeInIndex = 0; path = PokedexMVVM.app; sourceTree = BUILT_PRODUCTS_DIR; };
		78AE05DE283FBA2400656A9E /* macOS.entitlements */ = {isa = PBXFileReference; lastKnownFileType = text.plist.entitlements; path = macOS.entitlements; sourceTree = "<group>"; };
		78AE05E3283FBA2400656A9E /* Tests iOS.xctest */ = {isa = PBXFileReference; explicitFileType = wrapper.cfbundle; includeInIndex = 0; path = "Tests iOS.xctest"; sourceTree = BUILT_PRODUCTS_DIR; };
		78AE05E7283FBA2400656A9E /* Tests_iOS.swift */ = {isa = PBXFileReference; lastKnownFileType = sourcecode.swift; path = Tests_iOS.swift; sourceTree = "<group>"; };
		78AE05E9283FBA2400656A9E /* Tests_iOSLaunchTests.swift */ = {isa = PBXFileReference; lastKnownFileType = sourcecode.swift; path = Tests_iOSLaunchTests.swift; sourceTree = "<group>"; };
		78AE05EF283FBA2400656A9E /* Tests macOS.xctest */ = {isa = PBXFileReference; explicitFileType = wrapper.cfbundle; includeInIndex = 0; path = "Tests macOS.xctest"; sourceTree = BUILT_PRODUCTS_DIR; };
		78AE05F3283FBA2400656A9E /* Tests_macOS.swift */ = {isa = PBXFileReference; lastKnownFileType = sourcecode.swift; path = Tests_macOS.swift; sourceTree = "<group>"; };
		78AE05F5283FBA2400656A9E /* Tests_macOSLaunchTests.swift */ = {isa = PBXFileReference; lastKnownFileType = sourcecode.swift; path = Tests_macOSLaunchTests.swift; sourceTree = "<group>"; };
		78AE0610283FCE2800656A9E /* SplashScreen.swift */ = {isa = PBXFileReference; lastKnownFileType = sourcecode.swift; path = SplashScreen.swift; sourceTree = "<group>"; };
/* End PBXFileReference section */

/* Begin PBXFrameworksBuildPhase section */
		78AE05D3283FBA2400656A9E /* Frameworks */ = {
			isa = PBXFrameworksBuildPhase;
			buildActionMask = 2147483647;
			files = (
			);
			runOnlyForDeploymentPostprocessing = 0;
		};
		78AE05D9283FBA2400656A9E /* Frameworks */ = {
			isa = PBXFrameworksBuildPhase;
			buildActionMask = 2147483647;
			files = (
			);
			runOnlyForDeploymentPostprocessing = 0;
		};
		78AE05E0283FBA2400656A9E /* Frameworks */ = {
			isa = PBXFrameworksBuildPhase;
			buildActionMask = 2147483647;
			files = (
			);
			runOnlyForDeploymentPostprocessing = 0;
		};
		78AE05EC283FBA2400656A9E /* Frameworks */ = {
			isa = PBXFrameworksBuildPhase;
			buildActionMask = 2147483647;
			files = (
			);
			runOnlyForDeploymentPostprocessing = 0;
		};
/* End PBXFrameworksBuildPhase section */

/* Begin PBXGroup section */
		782D076B2857CF01007C57E8 /* Errors */ = {
			isa = PBXGroup;
			children = (
				782D076C2857CF17007C57E8 /* JSONDownloadErrors.swift */,
			);
			path = Errors;
			sourceTree = "<group>";
		};
		782D077228583C10007C57E8 /* Components */ = {
			isa = PBXGroup;
			children = (
				782D077328583C34007C57E8 /* PokemonCard.swift */,
			);
			path = Components;
			sourceTree = "<group>";
		};
		783159272856A4C700566EE9 /* JSON */ = {
			isa = PBXGroup;
			children = (
				7831591D2856886200566EE9 /* PokemonSpecieModel.swift */,
				783159252856A4A300566EE9 /* PokemonRepositoyJSONModel.swift */,
				780852BF2855709100A08EC6 /* GenerationJSONModel.swift */,
			);
			path = JSON;
			sourceTree = "<group>";
		};
		78AE05C9283FBA2100656A9E = {
			isa = PBXGroup;
			children = (
				78AE05CE283FBA2100656A9E /* Shared */,
				78AE05DD283FBA2400656A9E /* macOS */,
				78AE05E6283FBA2400656A9E /* Tests iOS */,
				78AE05F2283FBA2400656A9E /* Tests macOS */,
				78AE05D7283FBA2400656A9E /* Products */,
			);
			sourceTree = "<group>";
		};
		78AE05CE283FBA2100656A9E /* Shared */ = {
			isa = PBXGroup;
			children = (
				782D077228583C10007C57E8 /* Components */,
				78AE060E283FBBE400656A9E /* Utils */,
				78AE060B283FBA3C00656A9E /* Models */,
				78AE060C283FBA4C00656A9E /* ViewModels */,
				78AE060D283FBA5500656A9E /* Views */,
				78AE05CF283FBA2100656A9E /* pokedexApp.swift */,
				78AE05D0283FBA2100656A9E /* ContentView.swift */,
				78AE05D1283FBA2400656A9E /* Assets.xcassets */,
			);
			path = Shared;
			sourceTree = "<group>";
		};
		78AE05D7283FBA2400656A9E /* Products */ = {
			isa = PBXGroup;
			children = (
				78AE05D6283FBA2400656A9E /* PokedexMVVM.app */,
				78AE05DC283FBA2400656A9E /* PokedexMVVM.app */,
				78AE05E3283FBA2400656A9E /* Tests iOS.xctest */,
				78AE05EF283FBA2400656A9E /* Tests macOS.xctest */,
			);
			name = Products;
			sourceTree = "<group>";
		};
		78AE05DD283FBA2400656A9E /* macOS */ = {
			isa = PBXGroup;
			children = (
				78AE05DE283FBA2400656A9E /* macOS.entitlements */,
			);
			path = macOS;
			sourceTree = "<group>";
		};
		78AE05E6283FBA2400656A9E /* Tests iOS */ = {
			isa = PBXGroup;
			children = (
				78AE05E7283FBA2400656A9E /* Tests_iOS.swift */,
				78AE05E9283FBA2400656A9E /* Tests_iOSLaunchTests.swift */,
			);
			path = "Tests iOS";
			sourceTree = "<group>";
		};
		78AE05F2283FBA2400656A9E /* Tests macOS */ = {
			isa = PBXGroup;
			children = (
				78AE05F3283FBA2400656A9E /* Tests_macOS.swift */,
				78AE05F5283FBA2400656A9E /* Tests_macOSLaunchTests.swift */,
			);
			path = "Tests macOS";
			sourceTree = "<group>";
		};
		78AE060B283FBA3C00656A9E /* Models */ = {
			isa = PBXGroup;
			children = (
				782D076B2857CF01007C57E8 /* Errors */,
				783159272856A4C700566EE9 /* JSON */,
				783159212856A3CA00566EE9 /* PokemonRepositoryModel.swift */,
				783159232856A3F100566EE9 /* PokemonModel.swift */,
			);
			path = Models;
			sourceTree = "<group>";
		};
		78AE060C283FBA4C00656A9E /* ViewModels */ = {
			isa = PBXGroup;
			children = (
				782D077028582D0A007C57E8 /* FetchPokemonRepository.swift */,
			);
			path = ViewModels;
			sourceTree = "<group>";
		};
		78AE060D283FBA5500656A9E /* Views */ = {
			isa = PBXGroup;
			children = (
				78AE060F283FBDF700656A9E /* Screens */,
			);
			path = Views;
			sourceTree = "<group>";
		};
		78AE060E283FBBE400656A9E /* Utils */ = {
			isa = PBXGroup;
			children = (
				780852C12855710500A08EC6 /* FetchPokemonListByGeneration.swift */,
				783159282856A5D000566EE9 /* FetchPokemonData.swift */,
				782D076E2857CF81007C57E8 /* DownloadJSON.swift */,
			);
			path = Utils;
			sourceTree = "<group>";
		};
		78AE060F283FBDF700656A9E /* Screens */ = {
			isa = PBXGroup;
			children = (
				78AE0610283FCE2800656A9E /* SplashScreen.swift */,
			);
			path = Screens;
			sourceTree = "<group>";
		};
/* End PBXGroup section */

/* Begin PBXNativeTarget section */
		78AE05D5283FBA2400656A9E /* PokedexMVVM (iOS) */ = {
			isa = PBXNativeTarget;
			buildConfigurationList = 78AE05FF283FBA2400656A9E /* Build configuration list for PBXNativeTarget "PokedexMVVM (iOS)" */;
			buildPhases = (
				78AE05D2283FBA2400656A9E /* Sources */,
				78AE05D3283FBA2400656A9E /* Frameworks */,
				78AE05D4283FBA2400656A9E /* Resources */,
			);
			buildRules = (
			);
			dependencies = (
			);
			name = "PokedexMVVM (iOS)";
			productName = "pokedex (iOS)";
			productReference = 78AE05D6283FBA2400656A9E /* PokedexMVVM.app */;
			productType = "com.apple.product-type.application";
		};
		78AE05DB283FBA2400656A9E /* PokedexMVVM (macOS) */ = {
			isa = PBXNativeTarget;
			buildConfigurationList = 78AE0602283FBA2400656A9E /* Build configuration list for PBXNativeTarget "PokedexMVVM (macOS)" */;
			buildPhases = (
				78AE05D8283FBA2400656A9E /* Sources */,
				78AE05D9283FBA2400656A9E /* Frameworks */,
				78AE05DA283FBA2400656A9E /* Resources */,
			);
			buildRules = (
			);
			dependencies = (
			);
			name = "PokedexMVVM (macOS)";
			productName = "pokedex (macOS)";
			productReference = 78AE05DC283FBA2400656A9E /* PokedexMVVM.app */;
			productType = "com.apple.product-type.application";
		};
		78AE05E2283FBA2400656A9E /* Tests iOS */ = {
			isa = PBXNativeTarget;
			buildConfigurationList = 78AE0605283FBA2400656A9E /* Build configuration list for PBXNativeTarget "Tests iOS" */;
			buildPhases = (
				78AE05DF283FBA2400656A9E /* Sources */,
				78AE05E0283FBA2400656A9E /* Frameworks */,
				78AE05E1283FBA2400656A9E /* Resources */,
			);
			buildRules = (
			);
			dependencies = (
				78AE05E5283FBA2400656A9E /* PBXTargetDependency */,
			);
			name = "Tests iOS";
			productName = "Tests iOS";
			productReference = 78AE05E3283FBA2400656A9E /* Tests iOS.xctest */;
			productType = "com.apple.product-type.bundle.ui-testing";
		};
		78AE05EE283FBA2400656A9E /* Tests macOS */ = {
			isa = PBXNativeTarget;
			buildConfigurationList = 78AE0608283FBA2400656A9E /* Build configuration list for PBXNativeTarget "Tests macOS" */;
			buildPhases = (
				78AE05EB283FBA2400656A9E /* Sources */,
				78AE05EC283FBA2400656A9E /* Frameworks */,
				78AE05ED283FBA2400656A9E /* Resources */,
			);
			buildRules = (
			);
			dependencies = (
				78AE05F1283FBA2400656A9E /* PBXTargetDependency */,
			);
			name = "Tests macOS";
			productName = "Tests macOS";
			productReference = 78AE05EF283FBA2400656A9E /* Tests macOS.xctest */;
			productType = "com.apple.product-type.bundle.ui-testing";
		};
/* End PBXNativeTarget section */

/* Begin PBXProject section */
		78AE05CA283FBA2100656A9E /* Project object */ = {
			isa = PBXProject;
			attributes = {
				BuildIndependentTargetsInParallel = 1;
				LastSwiftUpdateCheck = 1340;
				LastUpgradeCheck = 1340;
				TargetAttributes = {
					78AE05D5283FBA2400656A9E = {
						CreatedOnToolsVersion = 13.4;
					};
					78AE05DB283FBA2400656A9E = {
						CreatedOnToolsVersion = 13.4;
					};
					78AE05E2283FBA2400656A9E = {
						CreatedOnToolsVersion = 13.4;
						TestTargetID = 78AE05D5283FBA2400656A9E;
					};
					78AE05EE283FBA2400656A9E = {
						CreatedOnToolsVersion = 13.4;
						TestTargetID = 78AE05DB283FBA2400656A9E;
					};
				};
			};
			buildConfigurationList = 78AE05CD283FBA2100656A9E /* Build configuration list for PBXProject "PokedexMVVM" */;
			compatibilityVersion = "Xcode 13.0";
			developmentRegion = en;
			hasScannedForEncodings = 0;
			knownRegions = (
				en,
				Base,
			);
			mainGroup = 78AE05C9283FBA2100656A9E;
			productRefGroup = 78AE05D7283FBA2400656A9E /* Products */;
			projectDirPath = "";
			projectRoot = "";
			targets = (
				78AE05D5283FBA2400656A9E /* PokedexMVVM (iOS) */,
				78AE05DB283FBA2400656A9E /* PokedexMVVM (macOS) */,
				78AE05E2283FBA2400656A9E /* Tests iOS */,
				78AE05EE283FBA2400656A9E /* Tests macOS */,
			);
		};
/* End PBXProject section */

/* Begin PBXResourcesBuildPhase section */
		78AE05D4283FBA2400656A9E /* Resources */ = {
			isa = PBXResourcesBuildPhase;
			buildActionMask = 2147483647;
			files = (
				78AE05FB283FBA2400656A9E /* Assets.xcassets in Resources */,
			);
			runOnlyForDeploymentPostprocessing = 0;
		};
		78AE05DA283FBA2400656A9E /* Resources */ = {
			isa = PBXResourcesBuildPhase;
			buildActionMask = 2147483647;
			files = (
				78AE05FC283FBA2400656A9E /* Assets.xcassets in Resources */,
			);
			runOnlyForDeploymentPostprocessing = 0;
		};
		78AE05E1283FBA2400656A9E /* Resources */ = {
			isa = PBXResourcesBuildPhase;
			buildActionMask = 2147483647;
			files = (
			);
			runOnlyForDeploymentPostprocessing = 0;
		};
		78AE05ED283FBA2400656A9E /* Resources */ = {
			isa = PBXResourcesBuildPhase;
			buildActionMask = 2147483647;
			files = (
			);
			runOnlyForDeploymentPostprocessing = 0;
		};
/* End PBXResourcesBuildPhase section */

/* Begin PBXSourcesBuildPhase section */
		78AE05D2283FBA2400656A9E /* Sources */ = {
			isa = PBXSourcesBuildPhase;
			buildActionMask = 2147483647;
			files = (
				7831591E2856886200566EE9 /* PokemonSpecieModel.swift in Sources */,
				780852C02855709100A08EC6 /* GenerationJSONModel.swift in Sources */,
				783159262856A4A300566EE9 /* PokemonRepositoyJSONModel.swift in Sources */,
				782D076F2857CF81007C57E8 /* DownloadJSON.swift in Sources */,
				783159222856A3CA00566EE9 /* PokemonRepositoryModel.swift in Sources */,
				78AE0611283FCE2800656A9E /* SplashScreen.swift in Sources */,
				782D076D2857CF17007C57E8 /* JSONDownloadErrors.swift in Sources */,
				783159242856A3F100566EE9 /* PokemonModel.swift in Sources */,
				78AE05F9283FBA2400656A9E /* ContentView.swift in Sources */,
				782D077128582D0A007C57E8 /* FetchPokemonRepository.swift in Sources */,
				783159292856A5D000566EE9 /* FetchPokemonData.swift in Sources */,
				780852C22855710500A08EC6 /* FetchPokemonListByGeneration.swift in Sources */,
				78AE05F7283FBA2400656A9E /* pokedexApp.swift in Sources */,
				782D077428583C34007C57E8 /* PokemonCard.swift in Sources */,
			);
			runOnlyForDeploymentPostprocessing = 0;
		};
		78AE05D8283FBA2400656A9E /* Sources */ = {
			isa = PBXSourcesBuildPhase;
			buildActionMask = 2147483647;
			files = (
				78AE05FA283FBA2400656A9E /* ContentView.swift in Sources */,
				78AE05F8283FBA2400656A9E /* pokedexApp.swift in Sources */,
			);
			runOnlyForDeploymentPostprocessing = 0;
		};
		78AE05DF283FBA2400656A9E /* Sources */ = {
			isa = PBXSourcesBuildPhase;
			buildActionMask = 2147483647;
			files = (
				78AE05EA283FBA2400656A9E /* Tests_iOSLaunchTests.swift in Sources */,
				78AE05E8283FBA2400656A9E /* Tests_iOS.swift in Sources */,
			);
			runOnlyForDeploymentPostprocessing = 0;
		};
		78AE05EB283FBA2400656A9E /* Sources */ = {
			isa = PBXSourcesBuildPhase;
			buildActionMask = 2147483647;
			files = (
				78AE05F6283FBA2400656A9E /* Tests_macOSLaunchTests.swift in Sources */,
				78AE05F4283FBA2400656A9E /* Tests_macOS.swift in Sources */,
			);
			runOnlyForDeploymentPostprocessing = 0;
		};
/* End PBXSourcesBuildPhase section */

/* Begin PBXTargetDependency section */
		78AE05E5283FBA2400656A9E /* PBXTargetDependency */ = {
			isa = PBXTargetDependency;
			target = 78AE05D5283FBA2400656A9E /* PokedexMVVM (iOS) */;
			targetProxy = 78AE05E4283FBA2400656A9E /* PBXContainerItemProxy */;
		};
		78AE05F1283FBA2400656A9E /* PBXTargetDependency */ = {
			isa = PBXTargetDependency;
			target = 78AE05DB283FBA2400656A9E /* PokedexMVVM (macOS) */;
			targetProxy = 78AE05F0283FBA2400656A9E /* PBXContainerItemProxy */;
		};
/* End PBXTargetDependency section */

/* Begin XCBuildConfiguration section */
		78AE05FD283FBA2400656A9E /* Debug */ = {
			isa = XCBuildConfiguration;
			buildSettings = {
				ALWAYS_SEARCH_USER_PATHS = NO;
				CLANG_ANALYZER_NONNULL = YES;
				CLANG_ANALYZER_NUMBER_OBJECT_CONVERSION = YES_AGGRESSIVE;
				CLANG_CXX_LANGUAGE_STANDARD = "gnu++17";
				CLANG_ENABLE_MODULES = YES;
				CLANG_ENABLE_OBJC_ARC = YES;
				CLANG_ENABLE_OBJC_WEAK = YES;
				CLANG_WARN_BLOCK_CAPTURE_AUTORELEASING = YES;
				CLANG_WARN_BOOL_CONVERSION = YES;
				CLANG_WARN_COMMA = YES;
				CLANG_WARN_CONSTANT_CONVERSION = YES;
				CLANG_WARN_DEPRECATED_OBJC_IMPLEMENTATIONS = YES;
				CLANG_WARN_DIRECT_OBJC_ISA_USAGE = YES_ERROR;
				CLANG_WARN_DOCUMENTATION_COMMENTS = YES;
				CLANG_WARN_EMPTY_BODY = YES;
				CLANG_WARN_ENUM_CONVERSION = YES;
				CLANG_WARN_INFINITE_RECURSION = YES;
				CLANG_WARN_INT_CONVERSION = YES;
				CLANG_WARN_NON_LITERAL_NULL_CONVERSION = YES;
				CLANG_WARN_OBJC_IMPLICIT_RETAIN_SELF = YES;
				CLANG_WARN_OBJC_LITERAL_CONVERSION = YES;
				CLANG_WARN_OBJC_ROOT_CLASS = YES_ERROR;
				CLANG_WARN_QUOTED_INCLUDE_IN_FRAMEWORK_HEADER = YES;
				CLANG_WARN_RANGE_LOOP_ANALYSIS = YES;
				CLANG_WARN_STRICT_PROTOTYPES = YES;
				CLANG_WARN_SUSPICIOUS_MOVE = YES;
				CLANG_WARN_UNGUARDED_AVAILABILITY = YES_AGGRESSIVE;
				CLANG_WARN_UNREACHABLE_CODE = YES;
				CLANG_WARN__DUPLICATE_METHOD_MATCH = YES;
				COPY_PHASE_STRIP = NO;
				DEBUG_INFORMATION_FORMAT = dwarf;
				ENABLE_STRICT_OBJC_MSGSEND = YES;
				ENABLE_TESTABILITY = YES;
				GCC_C_LANGUAGE_STANDARD = gnu11;
				GCC_DYNAMIC_NO_PIC = NO;
				GCC_NO_COMMON_BLOCKS = YES;
				GCC_OPTIMIZATION_LEVEL = 0;
				GCC_PREPROCESSOR_DEFINITIONS = (
					"DEBUG=1",
					"$(inherited)",
				);
				GCC_WARN_64_TO_32_BIT_CONVERSION = YES;
				GCC_WARN_ABOUT_RETURN_TYPE = YES_ERROR;
				GCC_WARN_UNDECLARED_SELECTOR = YES;
				GCC_WARN_UNINITIALIZED_AUTOS = YES_AGGRESSIVE;
				GCC_WARN_UNUSED_FUNCTION = YES;
				GCC_WARN_UNUSED_VARIABLE = YES;
				MTL_ENABLE_DEBUG_INFO = INCLUDE_SOURCE;
				MTL_FAST_MATH = YES;
				ONLY_ACTIVE_ARCH = YES;
				SWIFT_ACTIVE_COMPILATION_CONDITIONS = DEBUG;
				SWIFT_OPTIMIZATION_LEVEL = "-Onone";
			};
			name = Debug;
		};
		78AE05FE283FBA2400656A9E /* Release */ = {
			isa = XCBuildConfiguration;
			buildSettings = {
				ALWAYS_SEARCH_USER_PATHS = NO;
				CLANG_ANALYZER_NONNULL = YES;
				CLANG_ANALYZER_NUMBER_OBJECT_CONVERSION = YES_AGGRESSIVE;
				CLANG_CXX_LANGUAGE_STANDARD = "gnu++17";
				CLANG_ENABLE_MODULES = YES;
				CLANG_ENABLE_OBJC_ARC = YES;
				CLANG_ENABLE_OBJC_WEAK = YES;
				CLANG_WARN_BLOCK_CAPTURE_AUTORELEASING = YES;
				CLANG_WARN_BOOL_CONVERSION = YES;
				CLANG_WARN_COMMA = YES;
				CLANG_WARN_CONSTANT_CONVERSION = YES;
				CLANG_WARN_DEPRECATED_OBJC_IMPLEMENTATIONS = YES;
				CLANG_WARN_DIRECT_OBJC_ISA_USAGE = YES_ERROR;
				CLANG_WARN_DOCUMENTATION_COMMENTS = YES;
				CLANG_WARN_EMPTY_BODY = YES;
				CLANG_WARN_ENUM_CONVERSION = YES;
				CLANG_WARN_INFINITE_RECURSION = YES;
				CLANG_WARN_INT_CONVERSION = YES;
				CLANG_WARN_NON_LITERAL_NULL_CONVERSION = YES;
				CLANG_WARN_OBJC_IMPLICIT_RETAIN_SELF = YES;
				CLANG_WARN_OBJC_LITERAL_CONVERSION = YES;
				CLANG_WARN_OBJC_ROOT_CLASS = YES_ERROR;
				CLANG_WARN_QUOTED_INCLUDE_IN_FRAMEWORK_HEADER = YES;
				CLANG_WARN_RANGE_LOOP_ANALYSIS = YES;
				CLANG_WARN_STRICT_PROTOTYPES = YES;
				CLANG_WARN_SUSPICIOUS_MOVE = YES;
				CLANG_WARN_UNGUARDED_AVAILABILITY = YES_AGGRESSIVE;
				CLANG_WARN_UNREACHABLE_CODE = YES;
				CLANG_WARN__DUPLICATE_METHOD_MATCH = YES;
				COPY_PHASE_STRIP = NO;
				DEBUG_INFORMATION_FORMAT = "dwarf-with-dsym";
				ENABLE_NS_ASSERTIONS = NO;
				ENABLE_STRICT_OBJC_MSGSEND = YES;
				GCC_C_LANGUAGE_STANDARD = gnu11;
				GCC_NO_COMMON_BLOCKS = YES;
				GCC_WARN_64_TO_32_BIT_CONVERSION = YES;
				GCC_WARN_ABOUT_RETURN_TYPE = YES_ERROR;
				GCC_WARN_UNDECLARED_SELECTOR = YES;
				GCC_WARN_UNINITIALIZED_AUTOS = YES_AGGRESSIVE;
				GCC_WARN_UNUSED_FUNCTION = YES;
				GCC_WARN_UNUSED_VARIABLE = YES;
				MTL_ENABLE_DEBUG_INFO = NO;
				MTL_FAST_MATH = YES;
				SWIFT_COMPILATION_MODE = wholemodule;
				SWIFT_OPTIMIZATION_LEVEL = "-O";
			};
			name = Release;
		};
		78AE0600283FBA2400656A9E /* Debug */ = {
			isa = XCBuildConfiguration;
			buildSettings = {
				ASSETCATALOG_COMPILER_APPICON_NAME = AppIcon;
				ASSETCATALOG_COMPILER_GLOBAL_ACCENT_COLOR_NAME = AccentColor;
				CODE_SIGN_STYLE = Automatic;
				CURRENT_PROJECT_VERSION = 1;
				DEVELOPMENT_TEAM = FK8ZR49K2G;
				ENABLE_PREVIEWS = YES;
				GENERATE_INFOPLIST_FILE = YES;
				INFOPLIST_KEY_UIApplicationSceneManifest_Generation = YES;
				INFOPLIST_KEY_UIApplicationSupportsIndirectInputEvents = YES;
				INFOPLIST_KEY_UILaunchScreen_Generation = YES;
				INFOPLIST_KEY_UISupportedInterfaceOrientations_iPad = "UIInterfaceOrientationPortrait UIInterfaceOrientationPortraitUpsideDown UIInterfaceOrientationLandscapeLeft UIInterfaceOrientationLandscapeRight";
				INFOPLIST_KEY_UISupportedInterfaceOrientations_iPhone = "UIInterfaceOrientationPortrait UIInterfaceOrientationLandscapeLeft UIInterfaceOrientationLandscapeRight";
				IPHONEOS_DEPLOYMENT_TARGET = 15.5;
				LD_RUNPATH_SEARCH_PATHS = (
					"$(inherited)",
					"@executable_path/Frameworks",
				);
				MARKETING_VERSION = 1.0;
				PRODUCT_BUNDLE_IDENTIFIER = maxsuelslima.pokedex;
				PRODUCT_NAME = PokedexMVVM;
				SDKROOT = iphoneos;
				SWIFT_EMIT_LOC_STRINGS = YES;
				SWIFT_VERSION = 5.0;
				TARGETED_DEVICE_FAMILY = "1,2";
			};
			name = Debug;
		};
		78AE0601283FBA2400656A9E /* Release */ = {
			isa = XCBuildConfiguration;
			buildSettings = {
				ASSETCATALOG_COMPILER_APPICON_NAME = AppIcon;
				ASSETCATALOG_COMPILER_GLOBAL_ACCENT_COLOR_NAME = AccentColor;
				CODE_SIGN_STYLE = Automatic;
				CURRENT_PROJECT_VERSION = 1;
				DEVELOPMENT_TEAM = FK8ZR49K2G;
				ENABLE_PREVIEWS = YES;
				GENERATE_INFOPLIST_FILE = YES;
				INFOPLIST_KEY_UIApplicationSceneManifest_Generation = YES;
				INFOPLIST_KEY_UIApplicationSupportsIndirectInputEvents = YES;
				INFOPLIST_KEY_UILaunchScreen_Generation = YES;
				INFOPLIST_KEY_UISupportedInterfaceOrientations_iPad = "UIInterfaceOrientationPortrait UIInterfaceOrientationPortraitUpsideDown UIInterfaceOrientationLandscapeLeft UIInterfaceOrientationLandscapeRight";
				INFOPLIST_KEY_UISupportedInterfaceOrientations_iPhone = "UIInterfaceOrientationPortrait UIInterfaceOrientationLandscapeLeft UIInterfaceOrientationLandscapeRight";
				IPHONEOS_DEPLOYMENT_TARGET = 15.5;
				LD_RUNPATH_SEARCH_PATHS = (
					"$(inherited)",
					"@executable_path/Frameworks",
				);
				MARKETING_VERSION = 1.0;
				PRODUCT_BUNDLE_IDENTIFIER = maxsuelslima.pokedex;
				PRODUCT_NAME = PokedexMVVM;
				SDKROOT = iphoneos;
				SWIFT_EMIT_LOC_STRINGS = YES;
				SWIFT_VERSION = 5.0;
				TARGETED_DEVICE_FAMILY = "1,2";
				VALIDATE_PRODUCT = YES;
			};
			name = Release;
		};
		78AE0603283FBA2400656A9E /* Debug */ = {
			isa = XCBuildConfiguration;
			buildSettings = {
				ASSETCATALOG_COMPILER_APPICON_NAME = AppIcon;
				ASSETCATALOG_COMPILER_GLOBAL_ACCENT_COLOR_NAME = AccentColor;
				CODE_SIGN_ENTITLEMENTS = macOS/macOS.entitlements;
				CODE_SIGN_STYLE = Automatic;
				COMBINE_HIDPI_IMAGES = YES;
				CURRENT_PROJECT_VERSION = 1;
				DEVELOPMENT_TEAM = FK8ZR49K2G;
				ENABLE_HARDENED_RUNTIME = YES;
				ENABLE_PREVIEWS = YES;
				GENERATE_INFOPLIST_FILE = YES;
				INFOPLIST_KEY_NSHumanReadableCopyright = "";
				LD_RUNPATH_SEARCH_PATHS = (
					"$(inherited)",
					"@executable_path/../Frameworks",
				);
				MACOSX_DEPLOYMENT_TARGET = 12.3;
				MARKETING_VERSION = 1.0;
				PRODUCT_BUNDLE_IDENTIFIER = maxsuelslima.pokedex;
				PRODUCT_NAME = PokedexMVVM;
				SDKROOT = macosx;
				SWIFT_EMIT_LOC_STRINGS = YES;
				SWIFT_VERSION = 5.0;
			};
			name = Debug;
		};
		78AE0604283FBA2400656A9E /* Release */ = {
			isa = XCBuildConfiguration;
			buildSettings = {
				ASSETCATALOG_COMPILER_APPICON_NAME = AppIcon;
				ASSETCATALOG_COMPILER_GLOBAL_ACCENT_COLOR_NAME = AccentColor;
				CODE_SIGN_ENTITLEMENTS = macOS/macOS.entitlements;
				CODE_SIGN_STYLE = Automatic;
				COMBINE_HIDPI_IMAGES = YES;
				CURRENT_PROJECT_VERSION = 1;
				DEVELOPMENT_TEAM = FK8ZR49K2G;
				ENABLE_HARDENED_RUNTIME = YES;
				ENABLE_PREVIEWS = YES;
				GENERATE_INFOPLIST_FILE = YES;
				INFOPLIST_KEY_NSHumanReadableCopyright = "";
				LD_RUNPATH_SEARCH_PATHS = (
					"$(inherited)",
					"@executable_path/../Frameworks",
				);
				MACOSX_DEPLOYMENT_TARGET = 12.3;
				MARKETING_VERSION = 1.0;
				PRODUCT_BUNDLE_IDENTIFIER = maxsuelslima.pokedex;
				PRODUCT_NAME = PokedexMVVM;
				SDKROOT = macosx;
				SWIFT_EMIT_LOC_STRINGS = YES;
				SWIFT_VERSION = 5.0;
			};
			name = Release;
		};
		78AE0606283FBA2400656A9E /* Debug */ = {
			isa = XCBuildConfiguration;
			buildSettings = {
				ALWAYS_EMBED_SWIFT_STANDARD_LIBRARIES = YES;
				CODE_SIGN_STYLE = Automatic;
				CURRENT_PROJECT_VERSION = 1;
				DEVELOPMENT_TEAM = FK8ZR49K2G;
				GENERATE_INFOPLIST_FILE = YES;
				IPHONEOS_DEPLOYMENT_TARGET = 15.5;
				MARKETING_VERSION = 1.0;
				PRODUCT_BUNDLE_IDENTIFIER = "maxsuelslima.Tests-iOS";
				PRODUCT_NAME = "$(TARGET_NAME)";
				SDKROOT = iphoneos;
				SWIFT_EMIT_LOC_STRINGS = NO;
				SWIFT_VERSION = 5.0;
				TARGETED_DEVICE_FAMILY = "1,2";
				TEST_TARGET_NAME = "pokedex (iOS)";
			};
			name = Debug;
		};
		78AE0607283FBA2400656A9E /* Release */ = {
			isa = XCBuildConfiguration;
			buildSettings = {
				ALWAYS_EMBED_SWIFT_STANDARD_LIBRARIES = YES;
				CODE_SIGN_STYLE = Automatic;
				CURRENT_PROJECT_VERSION = 1;
				DEVELOPMENT_TEAM = FK8ZR49K2G;
				GENERATE_INFOPLIST_FILE = YES;
				IPHONEOS_DEPLOYMENT_TARGET = 15.5;
				MARKETING_VERSION = 1.0;
				PRODUCT_BUNDLE_IDENTIFIER = "maxsuelslima.Tests-iOS";
				PRODUCT_NAME = "$(TARGET_NAME)";
				SDKROOT = iphoneos;
				SWIFT_EMIT_LOC_STRINGS = NO;
				SWIFT_VERSION = 5.0;
				TARGETED_DEVICE_FAMILY = "1,2";
				TEST_TARGET_NAME = "pokedex (iOS)";
				VALIDATE_PRODUCT = YES;
			};
			name = Release;
		};
		78AE0609283FBA2400656A9E /* Debug */ = {
			isa = XCBuildConfiguration;
			buildSettings = {
				ALWAYS_EMBED_SWIFT_STANDARD_LIBRARIES = YES;
				CODE_SIGN_STYLE = Automatic;
				CURRENT_PROJECT_VERSION = 1;
				DEVELOPMENT_TEAM = FK8ZR49K2G;
				GENERATE_INFOPLIST_FILE = YES;
				MACOSX_DEPLOYMENT_TARGET = 12.3;
				MARKETING_VERSION = 1.0;
				PRODUCT_BUNDLE_IDENTIFIER = "maxsuelslima.Tests-macOS";
				PRODUCT_NAME = "$(TARGET_NAME)";
				SDKROOT = macosx;
				SWIFT_EMIT_LOC_STRINGS = NO;
				SWIFT_VERSION = 5.0;
				TEST_TARGET_NAME = "pokedex (macOS)";
			};
			name = Debug;
		};
		78AE060A283FBA2400656A9E /* Release */ = {
			isa = XCBuildConfiguration;
			buildSettings = {
				ALWAYS_EMBED_SWIFT_STANDARD_LIBRARIES = YES;
				CODE_SIGN_STYLE = Automatic;
				CURRENT_PROJECT_VERSION = 1;
				DEVELOPMENT_TEAM = FK8ZR49K2G;
				GENERATE_INFOPLIST_FILE = YES;
				MACOSX_DEPLOYMENT_TARGET = 12.3;
				MARKETING_VERSION = 1.0;
				PRODUCT_BUNDLE_IDENTIFIER = "maxsuelslima.Tests-macOS";
				PRODUCT_NAME = "$(TARGET_NAME)";
				SDKROOT = macosx;
				SWIFT_EMIT_LOC_STRINGS = NO;
				SWIFT_VERSION = 5.0;
				TEST_TARGET_NAME = "pokedex (macOS)";
			};
			name = Release;
		};
/* End XCBuildConfiguration section */

/* Begin XCConfigurationList section */
		78AE05CD283FBA2100656A9E /* Build configuration list for PBXProject "PokedexMVVM" */ = {
			isa = XCConfigurationList;
			buildConfigurations = (
				78AE05FD283FBA2400656A9E /* Debug */,
				78AE05FE283FBA2400656A9E /* Release */,
			);
			defaultConfigurationIsVisible = 0;
			defaultConfigurationName = Release;
		};
		78AE05FF283FBA2400656A9E /* Build configuration list for PBXNativeTarget "PokedexMVVM (iOS)" */ = {
			isa = XCConfigurationList;
			buildConfigurations = (
				78AE0600283FBA2400656A9E /* Debug */,
				78AE0601283FBA2400656A9E /* Release */,
			);
			defaultConfigurationIsVisible = 0;
			defaultConfigurationName = Release;
		};
		78AE0602283FBA2400656A9E /* Build configuration list for PBXNativeTarget "PokedexMVVM (macOS)" */ = {
			isa = XCConfigurationList;
			buildConfigurations = (
				78AE0603283FBA2400656A9E /* Debug */,
				78AE0604283FBA2400656A9E /* Release */,
			);
			defaultConfigurationIsVisible = 0;
			defaultConfigurationName = Release;
		};
		78AE0605283FBA2400656A9E /* Build configuration list for PBXNativeTarget "Tests iOS" */ = {
			isa = XCConfigurationList;
			buildConfigurations = (
				78AE0606283FBA2400656A9E /* Debug */,
				78AE0607283FBA2400656A9E /* Release */,
			);
			defaultConfigurationIsVisible = 0;
			defaultConfigurationName = Release;
		};
		78AE0608283FBA2400656A9E /* Build configuration list for PBXNativeTarget "Tests macOS" */ = {
			isa = XCConfigurationList;
			buildConfigurations = (
				78AE0609283FBA2400656A9E /* Debug */,
				78AE060A283FBA2400656A9E /* Release */,
			);
			defaultConfigurationIsVisible = 0;
			defaultConfigurationName = Release;
		};
/* End XCConfigurationList section */
	};
	rootObject = 78AE05CA283FBA2100656A9E /* Project object */;
}
